
Microsoft Visual Studio Solution File, Format Version 12.00
# Visual Studio Version 16
VisualStudioVersion = 16.0.30011.22
MinimumVisualStudioVersion = 10.0.40219.1
Project("{9A19103F-16F7-4668-BE54-9A1E7A4F7556}") = "Aliyun.Log.Core", "Aliyun.Log.Core\Aliyun.Log.Core.csproj", "{75954EF4-ACDD-4138-A980-D1E20BE5145B}"
EndProject
Project("{9A19103F-16F7-4668-BE54-9A1E7A4F7556}") = "Aliyun.Log.Core.Client", "Aliyun.Log.Core.Client\Aliyun.Log.Core.Client.csproj", "{F6B95162-3489-40D0-B3F5-EE5814D7CD88}"
EndProject
Global
	GlobalSection(SolutionConfigurationPlatforms) = preSolution
		Debug|Any CPU = Debug|Any CPU
		Release|Any CPU = Release|Any CPU
	EndGlobalSection
	GlobalSection(ProjectConfigurationPlatforms) = postSolution
		{75954EF4-ACDD-4138-A980-D1E20BE5145B}.Debug|Any CPU.ActiveCfg = Debug|Any CPU
		{75954EF4-ACDD-4138-A980-D1E20BE5145B}.Debug|Any CPU.Build.0 = Debug|Any CPU
		{75954EF4-ACDD-4138-A980-D1E20BE5145B}.Release|Any CPU.ActiveCfg = Release|Any CPU
		{75954EF4-ACDD-4138-A980-D1E20BE5145B}.Release|Any CPU.Build.0 = Release|Any CPU
		{F6B95162-3489-40D0-B3F5-EE5814D7CD88}.Debug|Any CPU.ActiveCfg = Debug|Any CPU
		{F6B95162-3489-40D0-B3F5-EE5814D7CD88}.Debug|Any CPU.Build.0 = Debug|Any CPU
		{F6B95162-3489-40D0-B3F5-EE5814D7CD88}.Release|Any CPU.ActiveCfg = Release|Any CPU
		{F6B95162-3489-40D0-B3F5-EE5814D7CD88}.Release|Any CPU.Build.0 = Release|Any CPU
	EndGlobalSection
	GlobalSection(SolutionProperties) = preSolution
		HideSolutionNode = FALSE
	EndGlobalSection
	GlobalSection(ExtensibilityGlobals) = postSolution
		SolutionGuid = {42F0C612-9424-451B-B581-958DCD8D7855}
	EndGlobalSection
EndGlobal
